<?xml version="1.0" encoding="utf-8"?>
<Project ToolsVersion="4.0" xmlns="http://schemas.microsoft.com/developer/msbuild/2003">
  <ItemGroup>
    <Filter Include="Source Files">
      <UniqueIdentifier>{4FC737F1-C7A5-4376-A066-2A32D752A2FF}</UniqueIdentifier>
      <Extensions>cpp;c;cc;cxx;c++;def;odl;idl;hpj;bat;asm;asmx</Extensions>
    </Filter>
    <Filter Include="Header Files">
      <UniqueIdentifier>{93995380-89BD-4b04-88EB-625FBE52EBFB}</UniqueIdentifier>
      <Extensions>h;hh;hpp;hxx;h++;hm;inl;inc;ipp;xsd</Extensions>
    </Filter>
    <Filter Include="Resource Files">
      <UniqueIdentifier>{67DA6AB6-F800-4c08-8B7A-83BB121AAD01}</UniqueIdentifier>
      <Extensions>rc;ico;cur;bmp;dlg;rc2;rct;bin;rgs;gif;jpg;jpeg;jpe;resx;tiff;tif;png;wav;mfcribbon-ms</Extensions>
    </Filter>
    <Filter Include="Header Files\Drawable Objects">
      <UniqueIdentifier>{8b6ad976-7ec4-4b23-aa15-e854bc29b1c2}</UniqueIdentifier>
    </Filter>
    <Filter Include="Source Files\Drawable Objects">
      <UniqueIdentifier>{7ee21640-a358-4088-bac4-5505dce2e9b4}</UniqueIdentifier>
    </Filter>
    <Filter Include="Source Files\Debug">
      <UniqueIdentifier>{c462fb00-e5a6-4a33-9bd2-a58789a52c96}</UniqueIdentifier>
    </Filter>
    <Filter Include="Header Files\Debug">
      <UniqueIdentifier>{dc55b311-bab5-45d3-b2f8-66b41ae70c7d}</UniqueIdentifier>
    </Filter>
    <Filter Include="Shaders">
      <UniqueIdentifier>{289c7374-cf5a-408e-bda4-172403733862}</UniqueIdentifier>
    </Filter>
    <Filter Include="DEPRECATED">
      <UniqueIdentifier>{64f5dc75-95e5-4e96-a44d-1c16f8cd065e}</UniqueIdentifier>
    </Filter>
    <Filter Include="Other Dependencies">
      <UniqueIdentifier>{0fb88fd9-5e26-49c4-aed4-a4fa9b0519c0}</UniqueIdentifier>
    </Filter>
    <Filter Include="Header Files\Light Casters">
      <UniqueIdentifier>{a45c8750-0645-47f1-a557-7f2f6443c88f}</UniqueIdentifier>
    </Filter>
    <Filter Include="Source Files\Light Casters">
      <UniqueIdentifier>{60b09e58-df61-4773-b5fc-7aca08e2eec8}</UniqueIdentifier>
    </Filter>
  </ItemGroup>
  <ItemGroup>
    <ClCompile Include="main.cpp">
      <Filter>Source Files</Filter>
    </ClCompile>
    <ClCompile Include="Window.cpp">
      <Filter>Source Files</Filter>
    </ClCompile>
    <ClCompile Include="Camera.cpp">
      <Filter>Source Files</Filter>
    </ClCompile>
    <ClCompile Include="Model.cpp">
      <Filter>Source Files\Drawable Objects</Filter>
    </ClCompile>
    <ClCompile Include="PrintDebug.cpp">
      <Filter>Source Files\Debug</Filter>
    </ClCompile>
    <ClCompile Include="Mesh.cpp">
      <Filter>Source Files\Drawable Objects</Filter>
    </ClCompile>
    <ClCompile Include="OBJObject.cpp">
      <Filter>DEPRECATED</Filter>
    </ClCompile>
    <ClCompile Include="stb_img_imp.cpp">
      <Filter>Other Dependencies</Filter>
    </ClCompile>
    <ClCompile Include="Scene.cpp">
      <Filter>Source Files</Filter>
    </ClCompile>
    <ClCompile Include="C:\OpenGL\include\glad.c">
      <Filter>Other Dependencies</Filter>
    </ClCompile>
    <ClCompile Include="DirLight.cpp">
      <Filter>Source Files\Light Casters</Filter>
    </ClCompile>
    <ClCompile Include="Ground.cpp">
      <Filter>Source Files\Drawable Objects</Filter>
    </ClCompile>
    <ClCompile Include="Skybox.cpp">
      <Filter>Source Files\Drawable Objects</Filter>
    </ClCompile>
    <ClCompile Include="SPointLight.cpp">
      <Filter>Source Files\Light Casters</Filter>
    </ClCompile>
    <ClCompile Include="Shader.cpp">
      <Filter>Shaders</Filter>
    </ClCompile>
  </ItemGroup>
  <ItemGroup>
    <ClInclude Include="Window.h">
      <Filter>Header Files</Filter>
    </ClInclude>
    <ClInclude Include="Object.h">
      <Filter>Header Files\Drawable Objects</Filter>
    </ClInclude>
    <ClInclude Include="Camera.h">
      <Filter>Header Files</Filter>
    </ClInclude>
    <ClInclude Include="Model.h">
      <Filter>Header Files\Drawable Objects</Filter>
    </ClInclude>
    <ClInclude Include="main.h">
      <Filter>Header Files</Filter>
    </ClInclude>
    <ClInclude Include="PrintDebug.h">
      <Filter>Header Files\Debug</Filter>
    </ClInclude>
    <ClInclude Include="Mesh.h">
      <Filter>Header Files\Drawable Objects</Filter>
    </ClInclude>
    <ClInclude Include="OBJObject.h">
      <Filter>DEPRECATED</Filter>
    </ClInclude>
    <ClInclude Include="stb_image.h">
      <Filter>Other Dependencies</Filter>
    </ClInclude>
    <ClInclude Include="Scene.h">
      <Filter>Header Files</Filter>
    </ClInclude>
    <ClInclude Include="DirLight.h">
      <Filter>Header Files\Light Casters</Filter>
    </ClInclude>
    <ClInclude Include="Light.h">
      <Filter>Header Files\Light Casters</Filter>
    </ClInclude>
    <ClInclude Include="SPointLight.h">
      <Filter>Header Files\Light Casters</Filter>
    </ClInclude>
    <ClInclude Include="Shader.h">
      <Filter>Shaders</Filter>
    </ClInclude>
    <ClInclude Include="Ground.h">
      <Filter>Header Files\Drawable Objects</Filter>
    </ClInclude>
    <ClInclude Include="Skybox.h">
      <Filter>Header Files\Drawable Objects</Filter>
    </ClInclude>
  </ItemGroup>
  <ItemGroup>
    <None Include="Shaders\Skybox.frag">
      <Filter>Shaders</Filter>
    </None>
    <None Include="Shaders\Skybox.vert">
      <Filter>Shaders</Filter>
    </None>
    <None Include="Shaders\test.frag">
      <Filter>Shaders</Filter>
    </None>
    <None Include="Shaders\test.vert">
      <Filter>Shaders</Filter>
    </None>
  </ItemGroup>
</Project>